
Microsoft Visual Studio Solution File, Format Version 12.00
# Visual Studio Version 17
VisualStudioVersion = 17.0.32112.339
MinimumVisualStudioVersion = 10.0.40219.1
Project("{FAE04EC0-301F-11D3-BF4B-00C04F79EFBC}") = "DockerAPI", "DockerAPI\DockerAPI.csproj", "{BBAB3CFE-AFB9-4011-974D-A50784139422}"
EndProject
Global
	GlobalSection(SolutionConfigurationPlatforms) = preSolution
		Debug|Any CPU = Debug|Any CPU
		Release|Any CPU = Release|Any CPU
	EndGlobalSection
	GlobalSection(ProjectConfigurationPlatforms) = postSolution
		{BBAB3CFE-AFB9-4011-974D-A50784139422}.Debug|Any CPU.ActiveCfg = Debug|Any CPU
		{BBAB3CFE-AFB9-4011-974D-A50784139422}.Debug|Any CPU.Build.0 = Debug|Any CPU
		{BBAB3CFE-AFB9-4011-974D-A50784139422}.Release|Any CPU.ActiveCfg = Release|Any CPU
		{BBAB3CFE-AFB9-4011-974D-A50784139422}.Release|Any CPU.Build.0 = Release|Any CPU
	EndGlobalSection
	GlobalSection(SolutionProperties) = preSolution
		HideSolutionNode = FALSE
	EndGlobalSection
	GlobalSection(ExtensibilityGlobals) = postSolution
		SolutionGuid = {A773239E-6093-4882-A478-6A534F9BF373}
	EndGlobalSection
EndGlobal
